
Microsoft Visual Studio Solution File, Format Version 12.00
# Visual Studio Version 17
VisualStudioVersion = 17.5.002.0
MinimumVisualStudioVersion = 10.0.40219.1
Project("{9A19103F-16F7-4668-BE54-9A1E7A4F7556}") = "fromTheBeginning", "fromTheBeginning.csproj", "{EFCE470B-BF9F-47E8-9C05-2C322EC7ACBA}"
EndProject
Global
	GlobalSection(SolutionConfigurationPlatforms) = preSolution
		Debug|Any CPU = Debug|Any CPU
		Release|Any CPU = Release|Any CPU
	EndGlobalSection
	GlobalSection(ProjectConfigurationPlatforms) = postSolution
		{EFCE470B-BF9F-47E8-9C05-2C322EC7ACBA}.Debug|Any CPU.ActiveCfg = Debug|Any CPU
		{EFCE470B-BF9F-47E8-9C05-2C322EC7ACBA}.Debug|Any CPU.Build.0 = Debug|Any CPU
		{EFCE470B-BF9F-47E8-9C05-2C322EC7ACBA}.Release|Any CPU.ActiveCfg = Release|Any CPU
		{EFCE470B-BF9F-47E8-9C05-2C322EC7ACBA}.Release|Any CPU.Build.0 = Release|Any CPU
	EndGlobalSection
	GlobalSection(SolutionProperties) = preSolution
		HideSolutionNode = FALSE
	EndGlobalSection
	GlobalSection(ExtensibilityGlobals) = postSolution
		SolutionGuid = {9B050C54-47ED-4E08-86CF-3AF1C7791523}
	EndGlobalSection
EndGlobal
